
Microsoft Visual Studio Solution File, Format Version 12.00
# Visual Studio Version 17
VisualStudioVersion = 17.5.33530.505
MinimumVisualStudioVersion = 10.0.40219.1
Project("{888888A0-9F3D-457C-B088-3A5042F75D52}") = "Plot_WDC_Heat_Curve", "Plot_WDC_Heat_Curve\Plot_WDC_Heat_Curve.pyproj", "{857FA8DD-A5D6-4E22-B393-A1B0D00BAD49}"
EndProject
Global
	GlobalSection(SolutionConfigurationPlatforms) = preSolution
		Debug|Any CPU = Debug|Any CPU
		Release|Any CPU = Release|Any CPU
	EndGlobalSection
	GlobalSection(ProjectConfigurationPlatforms) = postSolution
		{857FA8DD-A5D6-4E22-B393-A1B0D00BAD49}.Debug|Any CPU.ActiveCfg = Debug|Any CPU
		{857FA8DD-A5D6-4E22-B393-A1B0D00BAD49}.Release|Any CPU.ActiveCfg = Release|Any CPU
	EndGlobalSection
	GlobalSection(SolutionProperties) = preSolution
		HideSolutionNode = FALSE
	EndGlobalSection
	GlobalSection(ExtensibilityGlobals) = postSolution
		SolutionGuid = {CC0F6312-D9C2-4484-B629-8EAFA382359C}
	EndGlobalSection
EndGlobal
